
Microsoft Visual Studio Solution File, Format Version 12.00
# Visual Studio Version 16
VisualStudioVersion = 16.0.31321.278
MinimumVisualStudioVersion = 10.0.40219.1
Project("{FAE04EC0-301F-11D3-BF4B-00C04F79EFBC}") = "Mindfullness", "Mindfullness\Mindfullness.csproj", "{9484EA99-3B1A-4874-B0B0-08DADA714B3C}"
EndProject
Global
	GlobalSection(SolutionConfigurationPlatforms) = preSolution
		Debug|Any CPU = Debug|Any CPU
		Release|Any CPU = Release|Any CPU
	EndGlobalSection
	GlobalSection(ProjectConfigurationPlatforms) = postSolution
		{9484EA99-3B1A-4874-B0B0-08DADA714B3C}.Debug|Any CPU.ActiveCfg = Debug|Any CPU
		{9484EA99-3B1A-4874-B0B0-08DADA714B3C}.Debug|Any CPU.Build.0 = Debug|Any CPU
		{9484EA99-3B1A-4874-B0B0-08DADA714B3C}.Release|Any CPU.ActiveCfg = Release|Any CPU
		{9484EA99-3B1A-4874-B0B0-08DADA714B3C}.Release|Any CPU.Build.0 = Release|Any CPU
	EndGlobalSection
	GlobalSection(SolutionProperties) = preSolution
		HideSolutionNode = FALSE
	EndGlobalSection
	GlobalSection(ExtensibilityGlobals) = postSolution
		SolutionGuid = {CE655B3D-3F0E-4298-AA74-11B2E4254FDB}
	EndGlobalSection
EndGlobal
